
Microsoft Visual Studio Solution File, Format Version 12.00
# Visual Studio 2013
VisualStudioVersion = 12.0.31101.0
MinimumVisualStudioVersion = 10.0.40219.1
Project("{FAE04EC0-301F-11D3-BF4B-00C04F79EFBC}") = "01.DeclareVariables", "01.DeclareVariables\01.DeclareVariables.csproj", "{88D3E3D3-2BB4-4958-827F-610B83046219}"
EndProject
Project("{FAE04EC0-301F-11D3-BF4B-00C04F79EFBC}") = "02.FloatOrDouble", "02.FloatOrDouble\02.FloatOrDouble.csproj", "{56B9E2E0-9E33-413E-BAB8-6D19F586A9B1}"
EndProject
Project("{FAE04EC0-301F-11D3-BF4B-00C04F79EFBC}") = "03.HexadecimalFormat", "03.HexadecimalFormat\03.HexadecimalFormat.csproj", "{6E817A3E-AD69-4AE8-A0F1-EA7F1FE058EC}"
EndProject
Project("{FAE04EC0-301F-11D3-BF4B-00C04F79EFBC}") = "04.UnicodeHaracter", "04.UnicodeHaracter\04.UnicodeHaracter.csproj", "{2C46497C-BCE3-458B-AADC-B99D27566337}"
EndProject
Project("{FAE04EC0-301F-11D3-BF4B-00C04F79EFBC}") = "05.BoolienVariable", "05.BoolienVariable\05.BoolienVariable.csproj", "{DE8F6918-E7ED-44F4-A7F0-ED8227D52513}"
EndProject
Project("{FAE04EC0-301F-11D3-BF4B-00C04F79EFBC}") = "06.StringAndObjects", "06.StringAndObjects\06.StringAndObjects.csproj", "{D08FCBCA-4C71-4CE0-999A-A39AA8AC671B}"
EndProject
Project("{FAE04EC0-301F-11D3-BF4B-00C04F79EFBC}") = "07.QuotesInStrings", "07.QuotesInStrings\07.QuotesInStrings.csproj", "{51441E59-F219-4AD4-9841-CB38E126968D}"
EndProject
Global
	GlobalSection(SolutionConfigurationPlatforms) = preSolution
		Debug|Any CPU = Debug|Any CPU
		Release|Any CPU = Release|Any CPU
	EndGlobalSection
	GlobalSection(ProjectConfigurationPlatforms) = postSolution
		{88D3E3D3-2BB4-4958-827F-610B83046219}.Debug|Any CPU.ActiveCfg = Debug|Any CPU
		{88D3E3D3-2BB4-4958-827F-610B83046219}.Debug|Any CPU.Build.0 = Debug|Any CPU
		{88D3E3D3-2BB4-4958-827F-610B83046219}.Release|Any CPU.ActiveCfg = Release|Any CPU
		{88D3E3D3-2BB4-4958-827F-610B83046219}.Release|Any CPU.Build.0 = Release|Any CPU
		{56B9E2E0-9E33-413E-BAB8-6D19F586A9B1}.Debug|Any CPU.ActiveCfg = Debug|Any CPU
		{56B9E2E0-9E33-413E-BAB8-6D19F586A9B1}.Debug|Any CPU.Build.0 = Debug|Any CPU
		{56B9E2E0-9E33-413E-BAB8-6D19F586A9B1}.Release|Any CPU.ActiveCfg = Release|Any CPU
		{56B9E2E0-9E33-413E-BAB8-6D19F586A9B1}.Release|Any CPU.Build.0 = Release|Any CPU
		{6E817A3E-AD69-4AE8-A0F1-EA7F1FE058EC}.Debug|Any CPU.ActiveCfg = Debug|Any CPU
		{6E817A3E-AD69-4AE8-A0F1-EA7F1FE058EC}.Debug|Any CPU.Build.0 = Debug|Any CPU
		{6E817A3E-AD69-4AE8-A0F1-EA7F1FE058EC}.Release|Any CPU.ActiveCfg = Release|Any CPU
		{6E817A3E-AD69-4AE8-A0F1-EA7F1FE058EC}.Release|Any CPU.Build.0 = Release|Any CPU
		{2C46497C-BCE3-458B-AADC-B99D27566337}.Debug|Any CPU.ActiveCfg = Debug|Any CPU
		{2C46497C-BCE3-458B-AADC-B99D27566337}.Debug|Any CPU.Build.0 = Debug|Any CPU
		{2C46497C-BCE3-458B-AADC-B99D27566337}.Release|Any CPU.ActiveCfg = Release|Any CPU
		{2C46497C-BCE3-458B-AADC-B99D27566337}.Release|Any CPU.Build.0 = Release|Any CPU
		{DE8F6918-E7ED-44F4-A7F0-ED8227D52513}.Debug|Any CPU.ActiveCfg = Debug|Any CPU
		{DE8F6918-E7ED-44F4-A7F0-ED8227D52513}.Debug|Any CPU.Build.0 = Debug|Any CPU
		{DE8F6918-E7ED-44F4-A7F0-ED8227D52513}.Release|Any CPU.ActiveCfg = Release|Any CPU
		{DE8F6918-E7ED-44F4-A7F0-ED8227D52513}.Release|Any CPU.Build.0 = Release|Any CPU
		{D08FCBCA-4C71-4CE0-999A-A39AA8AC671B}.Debug|Any CPU.ActiveCfg = Debug|Any CPU
		{D08FCBCA-4C71-4CE0-999A-A39AA8AC671B}.Debug|Any CPU.Build.0 = Debug|Any CPU
		{D08FCBCA-4C71-4CE0-999A-A39AA8AC671B}.Release|Any CPU.ActiveCfg = Release|Any CPU
		{D08FCBCA-4C71-4CE0-999A-A39AA8AC671B}.Release|Any CPU.Build.0 = Release|Any CPU
		{51441E59-F219-4AD4-9841-CB38E126968D}.Debug|Any CPU.ActiveCfg = Debug|Any CPU
		{51441E59-F219-4AD4-9841-CB38E126968D}.Debug|Any CPU.Build.0 = Debug|Any CPU
		{51441E59-F219-4AD4-9841-CB38E126968D}.Release|Any CPU.ActiveCfg = Release|Any CPU
		{51441E59-F219-4AD4-9841-CB38E126968D}.Release|Any CPU.Build.0 = Release|Any CPU
	EndGlobalSection
	GlobalSection(SolutionProperties) = preSolution
		HideSolutionNode = FALSE
	EndGlobalSection
EndGlobal
